
Microsoft Visual Studio Solution File, Format Version 11.00
# Visual Studio 2010
Project("{8BC9CEB8-8B4A-11D0-8D11-00A0C91BC942}") = "OpenGL", "OpenGL\OpenGL.vcxproj", "{FE3A6A47-C364-4518-BE4E-586F187D4315}"
EndProject
Global
	GlobalSection(SolutionConfigurationPlatforms) = preSolution
		Debug|Win32 = Debug|Win32
		Release|Win32 = Release|Win32
	EndGlobalSection
	GlobalSection(ProjectConfigurationPlatforms) = postSolution
		{FE3A6A47-C364-4518-BE4E-586F187D4315}.Debug|Win32.ActiveCfg = Debug|Win32
		{FE3A6A47-C364-4518-BE4E-586F187D4315}.Debug|Win32.Build.0 = Debug|Win32
		{FE3A6A47-C364-4518-BE4E-586F187D4315}.Release|Win32.ActiveCfg = Release|Win32
		{FE3A6A47-C364-4518-BE4E-586F187D4315}.Release|Win32.Build.0 = Release|Win32
	EndGlobalSection
	GlobalSection(SolutionProperties) = preSolution
		HideSolutionNode = FALSE
	EndGlobalSection
EndGlobal
